
Microsoft Visual Studio Solution File, Format Version 12.00
# Visual Studio 2013
VisualStudioVersion = 12.0.30723.0
MinimumVisualStudioVersion = 10.0.40219.1
Project("{FAE04EC0-301F-11D3-BF4B-00C04F79EFBC}") = "Battleship_dev", "Battleship_dev\Battleship_dev.csproj", "{ED5C428A-4D75-4EA4-A32A-4D55936F0FEA}"
EndProject
Global
	GlobalSection(SolutionConfigurationPlatforms) = preSolution
		Debug|Any CPU = Debug|Any CPU
		Release|Any CPU = Release|Any CPU
	EndGlobalSection
	GlobalSection(ProjectConfigurationPlatforms) = postSolution
		{ED5C428A-4D75-4EA4-A32A-4D55936F0FEA}.Debug|Any CPU.ActiveCfg = Debug|Any CPU
		{ED5C428A-4D75-4EA4-A32A-4D55936F0FEA}.Debug|Any CPU.Build.0 = Debug|Any CPU
		{ED5C428A-4D75-4EA4-A32A-4D55936F0FEA}.Release|Any CPU.ActiveCfg = Release|Any CPU
		{ED5C428A-4D75-4EA4-A32A-4D55936F0FEA}.Release|Any CPU.Build.0 = Release|Any CPU
	EndGlobalSection
	GlobalSection(SolutionProperties) = preSolution
		HideSolutionNode = FALSE
	EndGlobalSection
EndGlobal
